
Microsoft Visual Studio Solution File, Format Version 12.00
# Visual Studio 2017
Project("{FAE04EC0-301F-11D3-BF4B-00C04F79EFBC}") = "AR Project", "AR Project.csproj", "{F1198DE8-975A-68F0-DCFF-1A6A45AA082E}"
EndProject
Project("{FAE04EC0-301F-11D3-BF4B-00C04F79EFBC}") = "AR Project.Editor", "AR Project.Editor.csproj", "{BC117362-6A33-D193-07B7-6ED24E423894}"
EndProject
Global
	GlobalSection(SolutionConfigurationPlatforms) = preSolution
		Debug|Any CPU = Debug|Any CPU
		Release|Any CPU = Release|Any CPU
	EndGlobalSection
	GlobalSection(ProjectConfigurationPlatforms) = postSolution
		{F1198DE8-975A-68F0-DCFF-1A6A45AA082E}.Debug|Any CPU.ActiveCfg = Debug|Any CPU
		{F1198DE8-975A-68F0-DCFF-1A6A45AA082E}.Debug|Any CPU.Build.0 = Debug|Any CPU
		{F1198DE8-975A-68F0-DCFF-1A6A45AA082E}.Release|Any CPU.ActiveCfg = Release|Any CPU
		{F1198DE8-975A-68F0-DCFF-1A6A45AA082E}.Release|Any CPU.Build.0 = Release|Any CPU
		{BC117362-6A33-D193-07B7-6ED24E423894}.Debug|Any CPU.ActiveCfg = Debug|Any CPU
		{BC117362-6A33-D193-07B7-6ED24E423894}.Debug|Any CPU.Build.0 = Debug|Any CPU
		{BC117362-6A33-D193-07B7-6ED24E423894}.Release|Any CPU.ActiveCfg = Release|Any CPU
		{BC117362-6A33-D193-07B7-6ED24E423894}.Release|Any CPU.Build.0 = Release|Any CPU
	EndGlobalSection
	GlobalSection(SolutionProperties) = preSolution
		HideSolutionNode = FALSE
	EndGlobalSection
EndGlobal
